// !$*UTF8*$!
{
	archiveVersion = 1;
	classes = {
	};
	objectVersion = 77;
	objects = {

/* Begin PBXBuildFile section */
		5220F9E02DE00107006966E3 /* WebKit.framework in Frameworks */ = {isa = PBXBuildFile; fileRef = 5220F9DF2DE00107006966E3 /* WebKit.framework */; };
		5220F9E72DE00C6A006966E3 /* FirebaseAnalytics in Frameworks */ = {isa = PBXBuildFile; productRef = 5220F9E62DE00C6A006966E3 /* FirebaseAnalytics */; };
		5220F9E92DE00C6A006966E3 /* FirebaseAppCheck in Frameworks */ = {isa = PBXBuildFile; productRef = 5220F9E82DE00C6A006966E3 /* FirebaseAppCheck */; };
		5220F9EB2DE00C6A006966E3 /* FirebaseCore in Frameworks */ = {isa = PBXBuildFile; productRef = 5220F9EA2DE00C6A006966E3 /* FirebaseCore */; };
		5220F9ED2DE00C6A006966E3 /* FirebaseInAppMessaging-Beta in Frameworks */ = {isa = PBXBuildFile; productRef = 5220F9EC2DE00C6A006966E3 /* FirebaseInAppMessaging-Beta */; };
		5220F9EF2DE00C6A006966E3 /* FirebaseInstallations in Frameworks */ = {isa = PBXBuildFile; productRef = 5220F9EE2DE00C6A006966E3 /* FirebaseInstallations */; };
		5220F9F12DE00C6A006966E3 /* FirebaseMessaging in Frameworks */ = {isa = PBXBuildFile; productRef = 5220F9F02DE00C6A006966E3 /* FirebaseMessaging */; };
		5220F9F32DE00C6A006966E3 /* FirebaseRemoteConfig in Frameworks */ = {isa = PBXBuildFile; productRef = 5220F9F22DE00C6A006966E3 /* FirebaseRemoteConfig */; };
		5220F9F52DE00C6A006966E3 /* FirebaseStorage in Frameworks */ = {isa = PBXBuildFile; productRef = 5220F9F42DE00C6A006966E3 /* FirebaseStorage */; };
		5220F9F72DE00C6A006966E3 /* FirebaseStorageCombine-Community in Frameworks */ = {isa = PBXBuildFile; productRef = 5220F9F62DE00C6A006966E3 /* FirebaseStorageCombine-Community */; };
/* End PBXBuildFile section */

/* Begin PBXContainerItemProxy section */
		52EB31642DDF128C006E26A3 /* PBXContainerItemProxy */ = {
			isa = PBXContainerItemProxy;
			containerPortal = 52EB31452DDF128B006E26A3 /* Project object */;
			proxyType = 1;
			remoteGlobalIDString = 52EB314C2DDF128B006E26A3;
			remoteInfo = NBizFrameMobileWebView_Swift;
		};
		52EB316E2DDF128C006E26A3 /* PBXContainerItemProxy */ = {
			isa = PBXContainerItemProxy;
			containerPortal = 52EB31452DDF128B006E26A3 /* Project object */;
			proxyType = 1;
			remoteGlobalIDString = 52EB314C2DDF128B006E26A3;
			remoteInfo = NBizFrameMobileWebView_Swift;
		};
/* End PBXContainerItemProxy section */

/* Begin PBXFileReference section */
		5220F9DF2DE00107006966E3 /* WebKit.framework */ = {isa = PBXFileReference; lastKnownFileType = wrapper.framework; name = WebKit.framework; path = System/Library/Frameworks/WebKit.framework; sourceTree = SDKROOT; };
		52EB314D2DDF128B006E26A3 /* NBizFrameMobileWebView_Swift.app */ = {isa = PBXFileReference; explicitFileType = wrapper.application; includeInIndex = 0; path = NBizFrameMobileWebView_Swift.app; sourceTree = BUILT_PRODUCTS_DIR; };
		52EB31632DDF128C006E26A3 /* NBizFrameMobileWebView_SwiftTests.xctest */ = {isa = PBXFileReference; explicitFileType = wrapper.cfbundle; includeInIndex = 0; path = NBizFrameMobileWebView_SwiftTests.xctest; sourceTree = BUILT_PRODUCTS_DIR; };
		52EB316D2DDF128C006E26A3 /* NBizFrameMobileWebView_SwiftUITests.xctest */ = {isa = PBXFileReference; explicitFileType = wrapper.cfbundle; includeInIndex = 0; path = NBizFrameMobileWebView_SwiftUITests.xctest; sourceTree = BUILT_PRODUCTS_DIR; };
/* End PBXFileReference section */

/* Begin PBXFileSystemSynchronizedBuildFileExceptionSet section */
		52EB31752DDF128C006E26A3 /* Exceptions for "NBizFrameMobileWebView_Swift" folder in "NBizFrameMobileWebView_Swift" target */ = {
			isa = PBXFileSystemSynchronizedBuildFileExceptionSet;
			membershipExceptions = (
				Info.plist,
			);
			target = 52EB314C2DDF128B006E26A3 /* NBizFrameMobileWebView_Swift */;
		};
/* End PBXFileSystemSynchronizedBuildFileExceptionSet section */

/* Begin PBXFileSystemSynchronizedRootGroup section */
		52EB314F2DDF128B006E26A3 /* NBizFrameMobileWebView_Swift */ = {
			isa = PBXFileSystemSynchronizedRootGroup;
			exceptions = (
				52EB31752DDF128C006E26A3 /* Exceptions for "NBizFrameMobileWebView_Swift" folder in "NBizFrameMobileWebView_Swift" target */,
			);
			path = NBizFrameMobileWebView_Swift;
			sourceTree = "<group>";
		};
		52EB31662DDF128C006E26A3 /* NBizFrameMobileWebView_SwiftTests */ = {
			isa = PBXFileSystemSynchronizedRootGroup;
			path = NBizFrameMobileWebView_SwiftTests;
			sourceTree = "<group>";
		};
		52EB31702DDF128C006E26A3 /* NBizFrameMobileWebView_SwiftUITests */ = {
			isa = PBXFileSystemSynchronizedRootGroup;
			path = NBizFrameMobileWebView_SwiftUITests;
			sourceTree = "<group>";
		};
/* End PBXFileSystemSynchronizedRootGroup section */

/* Begin PBXFrameworksBuildPhase section */
		52EB314A2DDF128B006E26A3 /* Frameworks */ = {
			isa = PBXFrameworksBuildPhase;
			buildActionMask = 2147483647;
			files = (
				5220F9E72DE00C6A006966E3 /* FirebaseAnalytics in Frameworks */,
				5220F9E92DE00C6A006966E3 /* FirebaseAppCheck in Frameworks */,
				5220F9F72DE00C6A006966E3 /* FirebaseStorageCombine-Community in Frameworks */,
				5220F9F52DE00C6A006966E3 /* FirebaseStorage in Frameworks */,
				5220F9F12DE00C6A006966E3 /* FirebaseMessaging in Frameworks */,
				5220F9EB2DE00C6A006966E3 /* FirebaseCore in Frameworks */,
				5220F9EF2DE00C6A006966E3 /* FirebaseInstallations in Frameworks */,
				5220F9E02DE00107006966E3 /* WebKit.framework in Frameworks */,
				5220F9ED2DE00C6A006966E3 /* FirebaseInAppMessaging-Beta in Frameworks */,
				5220F9F32DE00C6A006966E3 /* FirebaseRemoteConfig in Frameworks */,
			);
			runOnlyForDeploymentPostprocessing = 0;
		};
		52EB31602DDF128C006E26A3 /* Frameworks */ = {
			isa = PBXFrameworksBuildPhase;
			buildActionMask = 2147483647;
			files = (
			);
			runOnlyForDeploymentPostprocessing = 0;
		};
		52EB316A2DDF128C006E26A3 /* Frameworks */ = {
			isa = PBXFrameworksBuildPhase;
			buildActionMask = 2147483647;
			files = (
			);
			runOnlyForDeploymentPostprocessing = 0;
		};
/* End PBXFrameworksBuildPhase section */

/* Begin PBXGroup section */
		5220F9DE2DE00107006966E3 /* Frameworks */ = {
			isa = PBXGroup;
			children = (
				5220F9DF2DE00107006966E3 /* WebKit.framework */,
			);
			name = Frameworks;
			sourceTree = "<group>";
		};
		52EB31442DDF128B006E26A3 = {
			isa = PBXGroup;
			children = (
				52EB314F2DDF128B006E26A3 /* NBizFrameMobileWebView_Swift */,
				52EB31662DDF128C006E26A3 /* NBizFrameMobileWebView_SwiftTests */,
				52EB31702DDF128C006E26A3 /* NBizFrameMobileWebView_SwiftUITests */,
				5220F9DE2DE00107006966E3 /* Frameworks */,
				52EB314E2DDF128B006E26A3 /* Products */,
			);
			sourceTree = "<group>";
		};
		52EB314E2DDF128B006E26A3 /* Products */ = {
			isa = PBXGroup;
			children = (
				52EB314D2DDF128B006E26A3 /* NBizFrameMobileWebView_Swift.app */,
				52EB31632DDF128C006E26A3 /* NBizFrameMobileWebView_SwiftTests.xctest */,
				52EB316D2DDF128C006E26A3 /* NBizFrameMobileWebView_SwiftUITests.xctest */,
			);
			name = Products;
			sourceTree = "<group>";
		};
/* End PBXGroup section */

/* Begin PBXNativeTarget section */
		52EB314C2DDF128B006E26A3 /* NBizFrameMobileWebView_Swift */ = {
			isa = PBXNativeTarget;
			buildConfigurationList = 52EB31762DDF128C006E26A3 /* Build configuration list for PBXNativeTarget "NBizFrameMobileWebView_Swift" */;
			buildPhases = (
				52EB31492DDF128B006E26A3 /* Sources */,
				52EB314A2DDF128B006E26A3 /* Frameworks */,
				52EB314B2DDF128B006E26A3 /* Resources */,
			);
			buildRules = (
			);
			dependencies = (
			);
			fileSystemSynchronizedGroups = (
				52EB314F2DDF128B006E26A3 /* NBizFrameMobileWebView_Swift */,
			);
			name = NBizFrameMobileWebView_Swift;
			packageProductDependencies = (
				5220F9E62DE00C6A006966E3 /* FirebaseAnalytics */,
				5220F9E82DE00C6A006966E3 /* FirebaseAppCheck */,
				5220F9EA2DE00C6A006966E3 /* FirebaseCore */,
				5220F9EC2DE00C6A006966E3 /* FirebaseInAppMessaging-Beta */,
				5220F9EE2DE00C6A006966E3 /* FirebaseInstallations */,
				5220F9F02DE00C6A006966E3 /* FirebaseMessaging */,
				5220F9F22DE00C6A006966E3 /* FirebaseRemoteConfig */,
				5220F9F42DE00C6A006966E3 /* FirebaseStorage */,
				5220F9F62DE00C6A006966E3 /* FirebaseStorageCombine-Community */,
			);
			productName = NBizFrameMobileWebView_Swift;
			productReference = 52EB314D2DDF128B006E26A3 /* NBizFrameMobileWebView_Swift.app */;
			productType = "com.apple.product-type.application";
		};
		52EB31622DDF128C006E26A3 /* NBizFrameMobileWebView_SwiftTests */ = {
			isa = PBXNativeTarget;
			buildConfigurationList = 52EB317B2DDF128C006E26A3 /* Build configuration list for PBXNativeTarget "NBizFrameMobileWebView_SwiftTests" */;
			buildPhases = (
				52EB315F2DDF128C006E26A3 /* Sources */,
				52EB31602DDF128C006E26A3 /* Frameworks */,
				52EB31612DDF128C006E26A3 /* Resources */,
			);
			buildRules = (
			);
			dependencies = (
				52EB31652DDF128C006E26A3 /* PBXTargetDependency */,
			);
			fileSystemSynchronizedGroups = (
				52EB31662DDF128C006E26A3 /* NBizFrameMobileWebView_SwiftTests */,
			);
			name = NBizFrameMobileWebView_SwiftTests;
			packageProductDependencies = (
			);
			productName = NBizFrameMobileWebView_SwiftTests;
			productReference = 52EB31632DDF128C006E26A3 /* NBizFrameMobileWebView_SwiftTests.xctest */;
			productType = "com.apple.product-type.bundle.unit-test";
		};
		52EB316C2DDF128C006E26A3 /* NBizFrameMobileWebView_SwiftUITests */ = {
			isa = PBXNativeTarget;
			buildConfigurationList = 52EB317E2DDF128C006E26A3 /* Build configuration list for PBXNativeTarget "NBizFrameMobileWebView_SwiftUITests" */;
			buildPhases = (
				52EB31692DDF128C006E26A3 /* Sources */,
				52EB316A2DDF128C006E26A3 /* Frameworks */,
				52EB316B2DDF128C006E26A3 /* Resources */,
			);
			buildRules = (
			);
			dependencies = (
				52EB316F2DDF128C006E26A3 /* PBXTargetDependency */,
			);
			fileSystemSynchronizedGroups = (
				52EB31702DDF128C006E26A3 /* NBizFrameMobileWebView_SwiftUITests */,
			);
			name = NBizFrameMobileWebView_SwiftUITests;
			packageProductDependencies = (
			);
			productName = NBizFrameMobileWebView_SwiftUITests;
			productReference = 52EB316D2DDF128C006E26A3 /* NBizFrameMobileWebView_SwiftUITests.xctest */;
			productType = "com.apple.product-type.bundle.ui-testing";
		};
/* End PBXNativeTarget section */

/* Begin PBXProject section */
		52EB31452DDF128B006E26A3 /* Project object */ = {
			isa = PBXProject;
			attributes = {
				BuildIndependentTargetsInParallel = 1;
				LastSwiftUpdateCheck = 1630;
				LastUpgradeCheck = 1630;
				TargetAttributes = {
					52EB314C2DDF128B006E26A3 = {
						CreatedOnToolsVersion = 16.3;
					};
					52EB31622DDF128C006E26A3 = {
						CreatedOnToolsVersion = 16.3;
						TestTargetID = 52EB314C2DDF128B006E26A3;
					};
					52EB316C2DDF128C006E26A3 = {
						CreatedOnToolsVersion = 16.3;
						TestTargetID = 52EB314C2DDF128B006E26A3;
					};
				};
			};
			buildConfigurationList = 52EB31482DDF128B006E26A3 /* Build configuration list for PBXProject "NBizFrameMobileWebView_Swift" */;
			developmentRegion = en;
			hasScannedForEncodings = 0;
			knownRegions = (
				en,
				Base,
			);
			mainGroup = 52EB31442DDF128B006E26A3;
			minimizedProjectReferenceProxies = 1;
			packageReferences = (
				5220F9E52DE00BDE006966E3 /* XCRemoteSwiftPackageReference "firebase-ios-sdk" */,
			);
			preferredProjectObjectVersion = 77;
			productRefGroup = 52EB314E2DDF128B006E26A3 /* Products */;
			projectDirPath = "";
			projectRoot = "";
			targets = (
				52EB314C2DDF128B006E26A3 /* NBizFrameMobileWebView_Swift */,
				52EB31622DDF128C006E26A3 /* NBizFrameMobileWebView_SwiftTests */,
				52EB316C2DDF128C006E26A3 /* NBizFrameMobileWebView_SwiftUITests */,
			);
		};
/* End PBXProject section */

/* Begin PBXResourcesBuildPhase section */
		52EB314B2DDF128B006E26A3 /* Resources */ = {
			isa = PBXResourcesBuildPhase;
			buildActionMask = 2147483647;
			files = (
			);
			runOnlyForDeploymentPostprocessing = 0;
		};
		52EB31612DDF128C006E26A3 /* Resources */ = {
			isa = PBXResourcesBuildPhase;
			buildActionMask = 2147483647;
			files = (
			);
			runOnlyForDeploymentPostprocessing = 0;
		};
		52EB316B2DDF128C006E26A3 /* Resources */ = {
			isa = PBXResourcesBuildPhase;
			buildActionMask = 2147483647;
			files = (
			);
			runOnlyForDeploymentPostprocessing = 0;
		};
/* End PBXResourcesBuildPhase section */

/* Begin PBXSourcesBuildPhase section */
		52EB31492DDF128B006E26A3 /* Sources */ = {
			isa = PBXSourcesBuildPhase;
			buildActionMask = 2147483647;
			files = (
			);
			runOnlyForDeploymentPostprocessing = 0;
		};
		52EB315F2DDF128C006E26A3 /* Sources */ = {
			isa = PBXSourcesBuildPhase;
			buildActionMask = 2147483647;
			files = (
			);
			runOnlyForDeploymentPostprocessing = 0;
		};
		52EB31692DDF128C006E26A3 /* Sources */ = {
			isa = PBXSourcesBuildPhase;
			buildActionMask = 2147483647;
			files = (
			);
			runOnlyForDeploymentPostprocessing = 0;
		};
/* End PBXSourcesBuildPhase section */

/* Begin PBXTargetDependency section */
		52EB31652DDF128C006E26A3 /* PBXTargetDependency */ = {
			isa = PBXTargetDependency;
			target = 52EB314C2DDF128B006E26A3 /* NBizFrameMobileWebView_Swift */;
			targetProxy = 52EB31642DDF128C006E26A3 /* PBXContainerItemProxy */;
		};
		52EB316F2DDF128C006E26A3 /* PBXTargetDependency */ = {
			isa = PBXTargetDependency;
			target = 52EB314C2DDF128B006E26A3 /* NBizFrameMobileWebView_Swift */;
			targetProxy = 52EB316E2DDF128C006E26A3 /* PBXContainerItemProxy */;
		};
/* End PBXTargetDependency section */

/* Begin XCBuildConfiguration section */
		52EB31772DDF128C006E26A3 /* Debug */ = {
			isa = XCBuildConfiguration;
			buildSettings = {
				ASSETCATALOG_COMPILER_APPICON_NAME = AppIcon;
				ASSETCATALOG_COMPILER_GLOBAL_ACCENT_COLOR_NAME = AccentColor;
				CODE_SIGN_STYLE = Automatic;
				CURRENT_PROJECT_VERSION = 1;
				DEVELOPMENT_TEAM = CFV777QHFF;
				GENERATE_INFOPLIST_FILE = YES;
				INFOPLIST_FILE = NBizFrameMobileWebView_Swift/Info.plist;
				INFOPLIST_KEY_UIApplicationSupportsIndirectInputEvents = YES;
				INFOPLIST_KEY_UILaunchStoryboardName = LaunchScreen;
				INFOPLIST_KEY_UIMainStoryboardFile = Main;
				INFOPLIST_KEY_UISupportedInterfaceOrientations_iPad = "UIInterfaceOrientationPortrait UIInterfaceOrientationPortraitUpsideDown UIInterfaceOrientationLandscapeLeft UIInterfaceOrientationLandscapeRight";
				INFOPLIST_KEY_UISupportedInterfaceOrientations_iPhone = "UIInterfaceOrientationPortrait UIInterfaceOrientationLandscapeLeft UIInterfaceOrientationLandscapeRight";
				LD_RUNPATH_SEARCH_PATHS = (
					"$(inherited)",
					"@executable_path/Frameworks",
				);
				MARKETING_VERSION = 1.0;
				PRODUCT_BUNDLE_IDENTIFIER = "com.nauri.NBizFrameMobileWebView-swift";
				PRODUCT_NAME = "$(TARGET_NAME)";
				SWIFT_EMIT_LOC_STRINGS = YES;
				SWIFT_VERSION = 5.0;
				TARGETED_DEVICE_FAMILY = "1,2";
			};
			name = Debug;
		};
		52EB31782DDF128C006E26A3 /* Release */ = {
			isa = XCBuildConfiguration;
			buildSettings = {
				ASSETCATALOG_COMPILER_APPICON_NAME = AppIcon;
				ASSETCATALOG_COMPILER_GLOBAL_ACCENT_COLOR_NAME = AccentColor;
				CODE_SIGN_STYLE = Automatic;
				CURRENT_PROJECT_VERSION = 1;
				DEVELOPMENT_TEAM = CFV777QHFF;
				GENERATE_INFOPLIST_FILE = YES;
				INFOPLIST_FILE = NBizFrameMobileWebView_Swift/Info.plist;
				INFOPLIST_KEY_UIApplicationSupportsIndirectInputEvents = YES;
				INFOPLIST_KEY_UILaunchStoryboardName = LaunchScreen;
				INFOPLIST_KEY_UIMainStoryboardFile = Main;
				INFOPLIST_KEY_UISupportedInterfaceOrientations_iPad = "UIInterfaceOrientationPortrait UIInterfaceOrientationPortraitUpsideDown UIInterfaceOrientationLandscapeLeft UIInterfaceOrientationLandscapeRight";
				INFOPLIST_KEY_UISupportedInterfaceOrientations_iPhone = "UIInterfaceOrientationPortrait UIInterfaceOrientationLandscapeLeft UIInterfaceOrientationLandscapeRight";
				LD_RUNPATH_SEARCH_PATHS = (
					"$(inherited)",
					"@executable_path/Frameworks",
				);
				MARKETING_VERSION = 1.0;
				PRODUCT_BUNDLE_IDENTIFIER = "com.nauri.NBizFrameMobileWebView-swift";
				PRODUCT_NAME = "$(TARGET_NAME)";
				SWIFT_EMIT_LOC_STRINGS = YES;
				SWIFT_VERSION = 5.0;
				TARGETED_DEVICE_FAMILY = "1,2";
			};
			name = Release;
		};
		52EB31792DDF128C006E26A3 /* Debug */ = {
			isa = XCBuildConfiguration;
			buildSettings = {
				ALWAYS_SEARCH_USER_PATHS = NO;
				ASSETCATALOG_COMPILER_GENERATE_SWIFT_ASSET_SYMBOL_EXTENSIONS = YES;
				CLANG_ANALYZER_NONNULL = YES;
				CLANG_ANALYZER_NUMBER_OBJECT_CONVERSION = YES_AGGRESSIVE;
				CLANG_CXX_LANGUAGE_STANDARD = "gnu++20";
				CLANG_ENABLE_MODULES = YES;
				CLANG_ENABLE_OBJC_ARC = YES;
				CLANG_ENABLE_OBJC_WEAK = YES;
				CLANG_WARN_BLOCK_CAPTURE_AUTORELEASING = YES;
				CLANG_WARN_BOOL_CONVERSION = YES;
				CLANG_WARN_COMMA = YES;
				CLANG_WARN_CONSTANT_CONVERSION = YES;
				CLANG_WARN_DEPRECATED_OBJC_IMPLEMENTATIONS = YES;
				CLANG_WARN_DIRECT_OBJC_ISA_USAGE = YES_ERROR;
				CLANG_WARN_DOCUMENTATION_COMMENTS = YES;
				CLANG_WARN_EMPTY_BODY = YES;
				CLANG_WARN_ENUM_CONVERSION = YES;
				CLANG_WARN_INFINITE_RECURSION = YES;
				CLANG_WARN_INT_CONVERSION = YES;
				CLANG_WARN_NON_LITERAL_NULL_CONVERSION = YES;
				CLANG_WARN_OBJC_IMPLICIT_RETAIN_SELF = YES;
				CLANG_WARN_OBJC_LITERAL_CONVERSION = YES;
				CLANG_WARN_OBJC_ROOT_CLASS = YES_ERROR;
				CLANG_WARN_QUOTED_INCLUDE_IN_FRAMEWORK_HEADER = YES;
				CLANG_WARN_RANGE_LOOP_ANALYSIS = YES;
				CLANG_WARN_STRICT_PROTOTYPES = YES;
				CLANG_WARN_SUSPICIOUS_MOVE = YES;
				CLANG_WARN_UNGUARDED_AVAILABILITY = YES_AGGRESSIVE;
				CLANG_WARN_UNREACHABLE_CODE = YES;
				CLANG_WARN__DUPLICATE_METHOD_MATCH = YES;
				COPY_PHASE_STRIP = NO;
				DEBUG_INFORMATION_FORMAT = dwarf;
				DEVELOPMENT_TEAM = CFV777QHFF;
				ENABLE_STRICT_OBJC_MSGSEND = YES;
				ENABLE_TESTABILITY = YES;
				ENABLE_USER_SCRIPT_SANDBOXING = YES;
				GCC_C_LANGUAGE_STANDARD = gnu17;
				GCC_DYNAMIC_NO_PIC = NO;
				GCC_NO_COMMON_BLOCKS = YES;
				GCC_OPTIMIZATION_LEVEL = 0;
				GCC_PREPROCESSOR_DEFINITIONS = (
					"DEBUG=1",
					"$(inherited)",
				);
				GCC_WARN_64_TO_32_BIT_CONVERSION = YES;
				GCC_WARN_ABOUT_RETURN_TYPE = YES_ERROR;
				GCC_WARN_UNDECLARED_SELECTOR = YES;
				GCC_WARN_UNINITIALIZED_AUTOS = YES_AGGRESSIVE;
				GCC_WARN_UNUSED_FUNCTION = YES;
				GCC_WARN_UNUSED_VARIABLE = YES;
				IPHONEOS_DEPLOYMENT_TARGET = 18.4;
				LOCALIZATION_PREFERS_STRING_CATALOGS = YES;
				MTL_ENABLE_DEBUG_INFO = INCLUDE_SOURCE;
				MTL_FAST_MATH = YES;
				ONLY_ACTIVE_ARCH = YES;
				SDKROOT = iphoneos;
				SWIFT_ACTIVE_COMPILATION_CONDITIONS = "DEBUG $(inherited)";
				SWIFT_OPTIMIZATION_LEVEL = "-Onone";
			};
			name = Debug;
		};
		52EB317A2DDF128C006E26A3 /* Release */ = {
			isa = XCBuildConfiguration;
			buildSettings = {
				ALWAYS_SEARCH_USER_PATHS = NO;
				ASSETCATALOG_COMPILER_GENERATE_SWIFT_ASSET_SYMBOL_EXTENSIONS = YES;
				CLANG_ANALYZER_NONNULL = YES;
				CLANG_ANALYZER_NUMBER_OBJECT_CONVERSION = YES_AGGRESSIVE;
				CLANG_CXX_LANGUAGE_STANDARD = "gnu++20";
				CLANG_ENABLE_MODULES = YES;
				CLANG_ENABLE_OBJC_ARC = YES;
				CLANG_ENABLE_OBJC_WEAK = YES;
				CLANG_WARN_BLOCK_CAPTURE_AUTORELEASING = YES;
				CLANG_WARN_BOOL_CONVERSION = YES;
				CLANG_WARN_COMMA = YES;
				CLANG_WARN_CONSTANT_CONVERSION = YES;
				CLANG_WARN_DEPRECATED_OBJC_IMPLEMENTATIONS = YES;
				CLANG_WARN_DIRECT_OBJC_ISA_USAGE = YES_ERROR;
				CLANG_WARN_DOCUMENTATION_COMMENTS = YES;
				CLANG_WARN_EMPTY_BODY = YES;
				CLANG_WARN_ENUM_CONVERSION = YES;
				CLANG_WARN_INFINITE_RECURSION = YES;
				CLANG_WARN_INT_CONVERSION = YES;
				CLANG_WARN_NON_LITERAL_NULL_CONVERSION = YES;
				CLANG_WARN_OBJC_IMPLICIT_RETAIN_SELF = YES;
				CLANG_WARN_OBJC_LITERAL_CONVERSION = YES;
				CLANG_WARN_OBJC_ROOT_CLASS = YES_ERROR;
				CLANG_WARN_QUOTED_INCLUDE_IN_FRAMEWORK_HEADER = YES;
				CLANG_WARN_RANGE_LOOP_ANALYSIS = YES;
				CLANG_WARN_STRICT_PROTOTYPES = YES;
				CLANG_WARN_SUSPICIOUS_MOVE = YES;
				CLANG_WARN_UNGUARDED_AVAILABILITY = YES_AGGRESSIVE;
				CLANG_WARN_UNREACHABLE_CODE = YES;
				CLANG_WARN__DUPLICATE_METHOD_MATCH = YES;
				COPY_PHASE_STRIP = NO;
				DEBUG_INFORMATION_FORMAT = "dwarf-with-dsym";
				DEVELOPMENT_TEAM = CFV777QHFF;
				ENABLE_NS_ASSERTIONS = NO;
				ENABLE_STRICT_OBJC_MSGSEND = YES;
				ENABLE_USER_SCRIPT_SANDBOXING = YES;
				GCC_C_LANGUAGE_STANDARD = gnu17;
				GCC_NO_COMMON_BLOCKS = YES;
				GCC_WARN_64_TO_32_BIT_CONVERSION = YES;
				GCC_WARN_ABOUT_RETURN_TYPE = YES_ERROR;
				GCC_WARN_UNDECLARED_SELECTOR = YES;
				GCC_WARN_UNINITIALIZED_AUTOS = YES_AGGRESSIVE;
				GCC_WARN_UNUSED_FUNCTION = YES;
				GCC_WARN_UNUSED_VARIABLE = YES;
				IPHONEOS_DEPLOYMENT_TARGET = 18.4;
				LOCALIZATION_PREFERS_STRING_CATALOGS = YES;
				MTL_ENABLE_DEBUG_INFO = NO;
				MTL_FAST_MATH = YES;
				SDKROOT = iphoneos;
				SWIFT_COMPILATION_MODE = wholemodule;
				VALIDATE_PRODUCT = YES;
			};
			name = Release;
		};
		52EB317C2DDF128C006E26A3 /* Debug */ = {
			isa = XCBuildConfiguration;
			buildSettings = {
				BUNDLE_LOADER = "$(TEST_HOST)";
				CODE_SIGN_STYLE = Automatic;
				CURRENT_PROJECT_VERSION = 1;
				DEVELOPMENT_TEAM = CFV777QHFF;
				GENERATE_INFOPLIST_FILE = YES;
				IPHONEOS_DEPLOYMENT_TARGET = 18.4;
				MARKETING_VERSION = 1.0;
				PRODUCT_BUNDLE_IDENTIFIER = "com.nauri.NBizFrameMobileWebView-SwiftTests";
				PRODUCT_NAME = "$(TARGET_NAME)";
				SWIFT_EMIT_LOC_STRINGS = NO;
				SWIFT_VERSION = 5.0;
				TARGETED_DEVICE_FAMILY = "1,2";
				TEST_HOST = "$(BUILT_PRODUCTS_DIR)/NBizFrameMobileWebView_Swift.app/$(BUNDLE_EXECUTABLE_FOLDER_PATH)/NBizFrameMobileWebView_Swift";
			};
			name = Debug;
		};
		52EB317D2DDF128C006E26A3 /* Release */ = {
			isa = XCBuildConfiguration;
			buildSettings = {
				BUNDLE_LOADER = "$(TEST_HOST)";
				CODE_SIGN_STYLE = Automatic;
				CURRENT_PROJECT_VERSION = 1;
				DEVELOPMENT_TEAM = CFV777QHFF;
				GENERATE_INFOPLIST_FILE = YES;
				IPHONEOS_DEPLOYMENT_TARGET = 18.4;
				MARKETING_VERSION = 1.0;
				PRODUCT_BUNDLE_IDENTIFIER = "com.nauri.NBizFrameMobileWebView-SwiftTests";
				PRODUCT_NAME = "$(TARGET_NAME)";
				SWIFT_EMIT_LOC_STRINGS = NO;
				SWIFT_VERSION = 5.0;
				TARGETED_DEVICE_FAMILY = "1,2";
				TEST_HOST = "$(BUILT_PRODUCTS_DIR)/NBizFrameMobileWebView_Swift.app/$(BUNDLE_EXECUTABLE_FOLDER_PATH)/NBizFrameMobileWebView_Swift";
			};
			name = Release;
		};
		52EB317F2DDF128C006E26A3 /* Debug */ = {
			isa = XCBuildConfiguration;
			buildSettings = {
				CODE_SIGN_STYLE = Automatic;
				CURRENT_PROJECT_VERSION = 1;
				DEVELOPMENT_TEAM = CFV777QHFF;
				GENERATE_INFOPLIST_FILE = YES;
				MARKETING_VERSION = 1.0;
				PRODUCT_BUNDLE_IDENTIFIER = "com.nauri.NBizFrameMobileWebView-SwiftUITests";
				PRODUCT_NAME = "$(TARGET_NAME)";
				SWIFT_EMIT_LOC_STRINGS = NO;
				SWIFT_VERSION = 5.0;
				TARGETED_DEVICE_FAMILY = "1,2";
				TEST_TARGET_NAME = NBizFrameMobileWebView_Swift;
			};
			name = Debug;
		};
		52EB31802DDF128C006E26A3 /* Release */ = {
			isa = XCBuildConfiguration;
			buildSettings = {
				CODE_SIGN_STYLE = Automatic;
				CURRENT_PROJECT_VERSION = 1;
				DEVELOPMENT_TEAM = CFV777QHFF;
				GENERATE_INFOPLIST_FILE = YES;
				MARKETING_VERSION = 1.0;
				PRODUCT_BUNDLE_IDENTIFIER = "com.nauri.NBizFrameMobileWebView-SwiftUITests";
				PRODUCT_NAME = "$(TARGET_NAME)";
				SWIFT_EMIT_LOC_STRINGS = NO;
				SWIFT_VERSION = 5.0;
				TARGETED_DEVICE_FAMILY = "1,2";
				TEST_TARGET_NAME = NBizFrameMobileWebView_Swift;
			};
			name = Release;
		};
/* End XCBuildConfiguration section */

/* Begin XCConfigurationList section */
		52EB31482DDF128B006E26A3 /* Build configuration list for PBXProject "NBizFrameMobileWebView_Swift" */ = {
			isa = XCConfigurationList;
			buildConfigurations = (
				52EB31792DDF128C006E26A3 /* Debug */,
				52EB317A2DDF128C006E26A3 /* Release */,
			);
			defaultConfigurationIsVisible = 0;
			defaultConfigurationName = Release;
		};
		52EB31762DDF128C006E26A3 /* Build configuration list for PBXNativeTarget "NBizFrameMobileWebView_Swift" */ = {
			isa = XCConfigurationList;
			buildConfigurations = (
				52EB31772DDF128C006E26A3 /* Debug */,
				52EB31782DDF128C006E26A3 /* Release */,
			);
			defaultConfigurationIsVisible = 0;
			defaultConfigurationName = Release;
		};
		52EB317B2DDF128C006E26A3 /* Build configuration list for PBXNativeTarget "NBizFrameMobileWebView_SwiftTests" */ = {
			isa = XCConfigurationList;
			buildConfigurations = (
				52EB317C2DDF128C006E26A3 /* Debug */,
				52EB317D2DDF128C006E26A3 /* Release */,
			);
			defaultConfigurationIsVisible = 0;
			defaultConfigurationName = Release;
		};
		52EB317E2DDF128C006E26A3 /* Build configuration list for PBXNativeTarget "NBizFrameMobileWebView_SwiftUITests" */ = {
			isa = XCConfigurationList;
			buildConfigurations = (
				52EB317F2DDF128C006E26A3 /* Debug */,
				52EB31802DDF128C006E26A3 /* Release */,
			);
			defaultConfigurationIsVisible = 0;
			defaultConfigurationName = Release;
		};
/* End XCConfigurationList section */

/* Begin XCRemoteSwiftPackageReference section */
		5220F9E52DE00BDE006966E3 /* XCRemoteSwiftPackageReference "firebase-ios-sdk" */ = {
			isa = XCRemoteSwiftPackageReference;
			repositoryURL = "https://github.com/firebase/firebase-ios-sdk";
			requirement = {
				kind = upToNextMajorVersion;
				minimumVersion = 11.13.0;
			};
		};
/* End XCRemoteSwiftPackageReference section */

/* Begin XCSwiftPackageProductDependency section */
		5220F9E62DE00C6A006966E3 /* FirebaseAnalytics */ = {
			isa = XCSwiftPackageProductDependency;
			package = 5220F9E52DE00BDE006966E3 /* XCRemoteSwiftPackageReference "firebase-ios-sdk" */;
			productName = FirebaseAnalytics;
		};
		5220F9E82DE00C6A006966E3 /* FirebaseAppCheck */ = {
			isa = XCSwiftPackageProductDependency;
			package = 5220F9E52DE00BDE006966E3 /* XCRemoteSwiftPackageReference "firebase-ios-sdk" */;
			productName = FirebaseAppCheck;
		};
		5220F9EA2DE00C6A006966E3 /* FirebaseCore */ = {
			isa = XCSwiftPackageProductDependency;
			package = 5220F9E52DE00BDE006966E3 /* XCRemoteSwiftPackageReference "firebase-ios-sdk" */;
			productName = FirebaseCore;
		};
		5220F9EC2DE00C6A006966E3 /* FirebaseInAppMessaging-Beta */ = {
			isa = XCSwiftPackageProductDependency;
			package = 5220F9E52DE00BDE006966E3 /* XCRemoteSwiftPackageReference "firebase-ios-sdk" */;
			productName = "FirebaseInAppMessaging-Beta";
		};
		5220F9EE2DE00C6A006966E3 /* FirebaseInstallations */ = {
			isa = XCSwiftPackageProductDependency;
			package = 5220F9E52DE00BDE006966E3 /* XCRemoteSwiftPackageReference "firebase-ios-sdk" */;
			productName = FirebaseInstallations;
		};
		5220F9F02DE00C6A006966E3 /* FirebaseMessaging */ = {
			isa = XCSwiftPackageProductDependency;
			package = 5220F9E52DE00BDE006966E3 /* XCRemoteSwiftPackageReference "firebase-ios-sdk" */;
			productName = FirebaseMessaging;
		};
		5220F9F22DE00C6A006966E3 /* FirebaseRemoteConfig */ = {
			isa = XCSwiftPackageProductDependency;
			package = 5220F9E52DE00BDE006966E3 /* XCRemoteSwiftPackageReference "firebase-ios-sdk" */;
			productName = FirebaseRemoteConfig;
		};
		5220F9F42DE00C6A006966E3 /* FirebaseStorage */ = {
			isa = XCSwiftPackageProductDependency;
			package = 5220F9E52DE00BDE006966E3 /* XCRemoteSwiftPackageReference "firebase-ios-sdk" */;
			productName = FirebaseStorage;
		};
		5220F9F62DE00C6A006966E3 /* FirebaseStorageCombine-Community */ = {
			isa = XCSwiftPackageProductDependency;
			package = 5220F9E52DE00BDE006966E3 /* XCRemoteSwiftPackageReference "firebase-ios-sdk" */;
			productName = "FirebaseStorageCombine-Community";
		};
/* End XCSwiftPackageProductDependency section */
	};
	rootObject = 52EB31452DDF128B006E26A3 /* Project object */;
}
